
Microsoft Visual Studio Solution File, Format Version 12.00
# Visual Studio Version 17
VisualStudioVersion = 17.9.34616.47
MinimumVisualStudioVersion = 10.0.40219.1
Project("{FAE04EC0-301F-11D3-BF4B-00C04F79EFBC}") = "sample_wpf_caliburn_vaidation_dotnetfw", "sample_wpf_caliburn_vaidation_dotnetfw\sample_wpf_caliburn_vaidation_dotnetfw.csproj", "{3CD29841-6DB5-494D-92BA-29EECBC74AFD}"
EndProject
Global
	GlobalSection(SolutionConfigurationPlatforms) = preSolution
		Debug|Any CPU = Debug|Any CPU
		Release|Any CPU = Release|Any CPU
	EndGlobalSection
	GlobalSection(ProjectConfigurationPlatforms) = postSolution
		{3CD29841-6DB5-494D-92BA-29EECBC74AFD}.Debug|Any CPU.ActiveCfg = Debug|Any CPU
		{3CD29841-6DB5-494D-92BA-29EECBC74AFD}.Debug|Any CPU.Build.0 = Debug|Any CPU
		{3CD29841-6DB5-494D-92BA-29EECBC74AFD}.Release|Any CPU.ActiveCfg = Release|Any CPU
		{3CD29841-6DB5-494D-92BA-29EECBC74AFD}.Release|Any CPU.Build.0 = Release|Any CPU
	EndGlobalSection
	GlobalSection(SolutionProperties) = preSolution
		HideSolutionNode = FALSE
	EndGlobalSection
	GlobalSection(ExtensibilityGlobals) = postSolution
		SolutionGuid = {358402C7-8402-44AD-9C69-0358CF4D1056}
	EndGlobalSection
EndGlobal
